
Microsoft Visual Studio Solution File, Format Version 12.00
# Visual Studio Version 16
VisualStudioVersion = 16.0.31112.23
MinimumVisualStudioVersion = 10.0.40219.1
Project("{8BC9CEB8-8B4A-11D0-8D11-00A0C91BC942}") = "Dijkstra-GPS", "Dijkstra-GPS.vcxproj", "{B0480780-5749-4DAB-A599-6E30B5B60CD1}"
EndProject
Global
	GlobalSection(SolutionConfigurationPlatforms) = preSolution
		Debug|x64 = Debug|x64
		Debug|x86 = Debug|x86
		Release|x64 = Release|x64
		Release|x86 = Release|x86
	EndGlobalSection
	GlobalSection(ProjectConfigurationPlatforms) = postSolution
		{B0480780-5749-4DAB-A599-6E30B5B60CD1}.Debug|x64.ActiveCfg = Debug|x64
		{B0480780-5749-4DAB-A599-6E30B5B60CD1}.Debug|x64.Build.0 = Debug|x64
		{B0480780-5749-4DAB-A599-6E30B5B60CD1}.Debug|x86.ActiveCfg = Debug|Win32
		{B0480780-5749-4DAB-A599-6E30B5B60CD1}.Debug|x86.Build.0 = Debug|Win32
		{B0480780-5749-4DAB-A599-6E30B5B60CD1}.Release|x64.ActiveCfg = Release|x64
		{B0480780-5749-4DAB-A599-6E30B5B60CD1}.Release|x64.Build.0 = Release|x64
		{B0480780-5749-4DAB-A599-6E30B5B60CD1}.Release|x86.ActiveCfg = Release|Win32
		{B0480780-5749-4DAB-A599-6E30B5B60CD1}.Release|x86.Build.0 = Release|Win32
	EndGlobalSection
	GlobalSection(SolutionProperties) = preSolution
		HideSolutionNode = FALSE
	EndGlobalSection
	GlobalSection(ExtensibilityGlobals) = postSolution
		SolutionGuid = {05B59C5E-4059-4818-A281-AF7E3F5260C2}
	EndGlobalSection
EndGlobal
